
Microsoft Visual Studio Solution File, Format Version 12.00
# Visual Studio Version 16
VisualStudioVersion = 16.0.31624.102
MinimumVisualStudioVersion = 10.0.40219.1
Project("{FAE04EC0-301F-11D3-BF4B-00C04F79EFBC}") = "NascimentoSoftware.ToDoAppV2.com", "NascimentoSoftware.ToDoAppV2.com\NascimentoSoftware.ToDoAppV2.com.csproj", "{FE34B9CE-3E93-4BD7-BAD2-88048353A63D}"
EndProject
Global
	GlobalSection(SolutionConfigurationPlatforms) = preSolution
		Debug|Any CPU = Debug|Any CPU
		Release|Any CPU = Release|Any CPU
	EndGlobalSection
	GlobalSection(ProjectConfigurationPlatforms) = postSolution
		{FE34B9CE-3E93-4BD7-BAD2-88048353A63D}.Debug|Any CPU.ActiveCfg = Debug|Any CPU
		{FE34B9CE-3E93-4BD7-BAD2-88048353A63D}.Debug|Any CPU.Build.0 = Debug|Any CPU
		{FE34B9CE-3E93-4BD7-BAD2-88048353A63D}.Release|Any CPU.ActiveCfg = Release|Any CPU
		{FE34B9CE-3E93-4BD7-BAD2-88048353A63D}.Release|Any CPU.Build.0 = Release|Any CPU
	EndGlobalSection
	GlobalSection(SolutionProperties) = preSolution
		HideSolutionNode = FALSE
	EndGlobalSection
	GlobalSection(ExtensibilityGlobals) = postSolution
		SolutionGuid = {113F7211-7684-4D5E-9DEC-E677615BAD1E}
	EndGlobalSection
EndGlobal
